
Microsoft Visual Studio Solution File, Format Version 12.00
# Visual Studio Version 17
VisualStudioVersion = 17.6.33717.318
MinimumVisualStudioVersion = 10.0.40219.1
Project("{FAE04EC0-301F-11D3-BF4B-00C04F79EFBC}") = "Prootype", "Prootype\Prootype.csproj", "{D1AD5761-07B0-461C-87BE-4551DB44C3BD}"
EndProject
Global
	GlobalSection(SolutionConfigurationPlatforms) = preSolution
		Debug|Any CPU = Debug|Any CPU
		Release|Any CPU = Release|Any CPU
	EndGlobalSection
	GlobalSection(ProjectConfigurationPlatforms) = postSolution
		{D1AD5761-07B0-461C-87BE-4551DB44C3BD}.Debug|Any CPU.ActiveCfg = Debug|Any CPU
		{D1AD5761-07B0-461C-87BE-4551DB44C3BD}.Debug|Any CPU.Build.0 = Debug|Any CPU
		{D1AD5761-07B0-461C-87BE-4551DB44C3BD}.Release|Any CPU.ActiveCfg = Release|Any CPU
		{D1AD5761-07B0-461C-87BE-4551DB44C3BD}.Release|Any CPU.Build.0 = Release|Any CPU
	EndGlobalSection
	GlobalSection(SolutionProperties) = preSolution
		HideSolutionNode = FALSE
	EndGlobalSection
	GlobalSection(ExtensibilityGlobals) = postSolution
		SolutionGuid = {51702EF1-9D55-4F0A-959B-E68331B61AEA}
	EndGlobalSection
EndGlobal
