
Microsoft Visual Studio Solution File, Format Version 12.00
# Visual Studio Version 17
VisualStudioVersion = 17.6.33717.318
MinimumVisualStudioVersion = 10.0.40219.1
Project("{FAE04EC0-301F-11D3-BF4B-00C04F79EFBC}") = "Builder", "Builder\Builder.csproj", "{A7B2FD7B-A6E0-44D6-AD6D-678FD779E044}"
EndProject
Global
	GlobalSection(SolutionConfigurationPlatforms) = preSolution
		Debug|Any CPU = Debug|Any CPU
		Release|Any CPU = Release|Any CPU
	EndGlobalSection
	GlobalSection(ProjectConfigurationPlatforms) = postSolution
		{A7B2FD7B-A6E0-44D6-AD6D-678FD779E044}.Debug|Any CPU.ActiveCfg = Debug|Any CPU
		{A7B2FD7B-A6E0-44D6-AD6D-678FD779E044}.Debug|Any CPU.Build.0 = Debug|Any CPU
		{A7B2FD7B-A6E0-44D6-AD6D-678FD779E044}.Release|Any CPU.ActiveCfg = Release|Any CPU
		{A7B2FD7B-A6E0-44D6-AD6D-678FD779E044}.Release|Any CPU.Build.0 = Release|Any CPU
	EndGlobalSection
	GlobalSection(SolutionProperties) = preSolution
		HideSolutionNode = FALSE
	EndGlobalSection
	GlobalSection(ExtensibilityGlobals) = postSolution
		SolutionGuid = {432C7F28-59C1-4210-8E11-D5D9AE860240}
	EndGlobalSection
EndGlobal
